
Microsoft Visual Studio Solution File, Format Version 12.00
# Visual Studio 2015
Project("{FAE04EC0-301F-11D3-BF4B-00C04F79EFBC}") = "unity_complete.Plugins", "unity_complete.Plugins.csproj", "{D5F0EB4B-4F36-6C10-D583-65D42DDE49E9}"
EndProject
Project("{FAE04EC0-301F-11D3-BF4B-00C04F79EFBC}") = "unity_complete", "unity_complete.csproj", "{84252DCF-3D03-1243-F6B6-37ECC2C82E1B}"
EndProject
Project("{FAE04EC0-301F-11D3-BF4B-00C04F79EFBC}") = "unity_complete.Editor.Plugins", "unity_complete.Editor.Plugins.csproj", "{D93046B1-029D-38AF-434A-FD4928800F1A}"
EndProject
Global
	GlobalSection(SolutionConfigurationPlatforms) = preSolution
		Debug|Any CPU = Debug|Any CPU
		Release|Any CPU = Release|Any CPU
	EndGlobalSection
	GlobalSection(ProjectConfigurationPlatforms) = postSolution
		{D5F0EB4B-4F36-6C10-D583-65D42DDE49E9}.Debug|Any CPU.ActiveCfg = Debug|Any CPU
		{D5F0EB4B-4F36-6C10-D583-65D42DDE49E9}.Debug|Any CPU.Build.0 = Debug|Any CPU
		{D5F0EB4B-4F36-6C10-D583-65D42DDE49E9}.Release|Any CPU.ActiveCfg = Release|Any CPU
		{D5F0EB4B-4F36-6C10-D583-65D42DDE49E9}.Release|Any CPU.Build.0 = Release|Any CPU
		{84252DCF-3D03-1243-F6B6-37ECC2C82E1B}.Debug|Any CPU.ActiveCfg = Debug|Any CPU
		{84252DCF-3D03-1243-F6B6-37ECC2C82E1B}.Debug|Any CPU.Build.0 = Debug|Any CPU
		{84252DCF-3D03-1243-F6B6-37ECC2C82E1B}.Release|Any CPU.ActiveCfg = Release|Any CPU
		{84252DCF-3D03-1243-F6B6-37ECC2C82E1B}.Release|Any CPU.Build.0 = Release|Any CPU
		{D93046B1-029D-38AF-434A-FD4928800F1A}.Debug|Any CPU.ActiveCfg = Debug|Any CPU
		{D93046B1-029D-38AF-434A-FD4928800F1A}.Debug|Any CPU.Build.0 = Debug|Any CPU
		{D93046B1-029D-38AF-434A-FD4928800F1A}.Release|Any CPU.ActiveCfg = Release|Any CPU
		{D93046B1-029D-38AF-434A-FD4928800F1A}.Release|Any CPU.Build.0 = Release|Any CPU
	EndGlobalSection
	GlobalSection(SolutionProperties) = preSolution
		HideSolutionNode = FALSE
	EndGlobalSection
EndGlobal
